
Microsoft Visual Studio Solution File, Format Version 12.00
# Visual Studio Version 17
VisualStudioVersion = 17.8.34330.188
MinimumVisualStudioVersion = 10.0.40219.1
Project("{9A19103F-16F7-4668-BE54-9A1E7A4F7556}") = "SmartCity", "SmartCity\SmartCity.csproj", "{A84EF8FD-7D9E-4501-9CC1-1603F03C896F}"
EndProject
Global
	GlobalSection(SolutionConfigurationPlatforms) = preSolution
		Debug|Any CPU = Debug|Any CPU
		Release|Any CPU = Release|Any CPU
	EndGlobalSection
	GlobalSection(ProjectConfigurationPlatforms) = postSolution
		{A84EF8FD-7D9E-4501-9CC1-1603F03C896F}.Debug|Any CPU.ActiveCfg = Debug|Any CPU
		{A84EF8FD-7D9E-4501-9CC1-1603F03C896F}.Debug|Any CPU.Build.0 = Debug|Any CPU
		{A84EF8FD-7D9E-4501-9CC1-1603F03C896F}.Release|Any CPU.ActiveCfg = Release|Any CPU
		{A84EF8FD-7D9E-4501-9CC1-1603F03C896F}.Release|Any CPU.Build.0 = Release|Any CPU
	EndGlobalSection
	GlobalSection(SolutionProperties) = preSolution
		HideSolutionNode = FALSE
	EndGlobalSection
	GlobalSection(ExtensibilityGlobals) = postSolution
		SolutionGuid = {CFCACB7A-AF6D-4B7E-905A-05902DC7675C}
	EndGlobalSection
EndGlobal
